// !$*UTF8*$!
{
	archiveVersion = 1;
	classes = {
	};
	objectVersion = 48;
	objects = {

/* Begin PBXBuildFile section */
		515E2CDD1FE2AC7C0068918E /* AppDelegate.swift in Sources */ = {isa = PBXBuildFile; fileRef = 515E2CDC1FE2AC7C0068918E /* AppDelegate.swift */; };
		515E2CDF1FE2AC7C0068918E /* ViewController.swift in Sources */ = {isa = PBXBuildFile; fileRef = 515E2CDE1FE2AC7C0068918E /* ViewController.swift */; };
		515E2CE41FE2AC7C0068918E /* Assets.xcassets in Resources */ = {isa = PBXBuildFile; fileRef = 515E2CE31FE2AC7C0068918E /* Assets.xcassets */; };
		515E2CE71FE2AC7C0068918E /* LaunchScreen.storyboard in Resources */ = {isa = PBXBuildFile; fileRef = 515E2CE51FE2AC7C0068918E /* LaunchScreen.storyboard */; };
		515E2CFD1FE2AC930068918E /* ABTesting.swift in Sources */ = {isa = PBXBuildFile; fileRef = 515E2CFC1FE2AC930068918E /* ABTesting.swift */; };
		515E2D011FE2AD080068918E /* ViewControllerTests.swift in Sources */ = {isa = PBXBuildFile; fileRef = 515E2D001FE2AD080068918E /* ViewControllerTests.swift */; };
/* End PBXBuildFile section */

/* Begin PBXContainerItemProxy section */
		515E2CEE1FE2AC7D0068918E /* PBXContainerItemProxy */ = {
			isa = PBXContainerItemProxy;
			containerPortal = 515E2CD11FE2AC7C0068918E /* Project object */;
			proxyType = 1;
			remoteGlobalIDString = 515E2CD81FE2AC7C0068918E;
			remoteInfo = ABTesting;
		};
/* End PBXContainerItemProxy section */

/* Begin PBXFileReference section */
		515E2CD91FE2AC7C0068918E /* ABTesting.app */ = {isa = PBXFileReference; explicitFileType = wrapper.application; includeInIndex = 0; path = ABTesting.app; sourceTree = BUILT_PRODUCTS_DIR; };
		515E2CDC1FE2AC7C0068918E /* AppDelegate.swift */ = {isa = PBXFileReference; lastKnownFileType = sourcecode.swift; path = AppDelegate.swift; sourceTree = "<group>"; };
		515E2CDE1FE2AC7C0068918E /* ViewController.swift */ = {isa = PBXFileReference; lastKnownFileType = sourcecode.swift; path = ViewController.swift; sourceTree = "<group>"; };
		515E2CE31FE2AC7C0068918E /* Assets.xcassets */ = {isa = PBXFileReference; lastKnownFileType = folder.assetcatalog; path = Assets.xcassets; sourceTree = "<group>"; };
		515E2CE61FE2AC7C0068918E /* Base */ = {isa = PBXFileReference; lastKnownFileType = file.storyboard; name = Base; path = Base.lproj/LaunchScreen.storyboard; sourceTree = "<group>"; };
		515E2CE81FE2AC7C0068918E /* Info.plist */ = {isa = PBXFileReference; lastKnownFileType = text.plist.xml; path = Info.plist; sourceTree = "<group>"; };
		515E2CED1FE2AC7D0068918E /* ABTestingTests.xctest */ = {isa = PBXFileReference; explicitFileType = wrapper.cfbundle; includeInIndex = 0; path = ABTestingTests.xctest; sourceTree = BUILT_PRODUCTS_DIR; };
		515E2CF31FE2AC7D0068918E /* Info.plist */ = {isa = PBXFileReference; lastKnownFileType = text.plist.xml; path = Info.plist; sourceTree = "<group>"; };
		515E2CFC1FE2AC930068918E /* ABTesting.swift */ = {isa = PBXFileReference; lastKnownFileType = sourcecode.swift; path = ABTesting.swift; sourceTree = "<group>"; };
		515E2D001FE2AD080068918E /* ViewControllerTests.swift */ = {isa = PBXFileReference; lastKnownFileType = sourcecode.swift; path = ViewControllerTests.swift; sourceTree = "<group>"; };
/* End PBXFileReference section */

/* Begin PBXFrameworksBuildPhase section */
		515E2CD61FE2AC7C0068918E /* Frameworks */ = {
			isa = PBXFrameworksBuildPhase;
			buildActionMask = 2147483647;
			files = (
			);
			runOnlyForDeploymentPostprocessing = 0;
		};
		515E2CEA1FE2AC7D0068918E /* Frameworks */ = {
			isa = PBXFrameworksBuildPhase;
			buildActionMask = 2147483647;
			files = (
			);
			runOnlyForDeploymentPostprocessing = 0;
		};
/* End PBXFrameworksBuildPhase section */

/* Begin PBXGroup section */
		515E2CD01FE2AC7C0068918E = {
			isa = PBXGroup;
			children = (
				515E2CDB1FE2AC7C0068918E /* ABTesting */,
				515E2CF01FE2AC7D0068918E /* ABTestingTests */,
				515E2CDA1FE2AC7C0068918E /* Products */,
			);
			sourceTree = "<group>";
		};
		515E2CDA1FE2AC7C0068918E /* Products */ = {
			isa = PBXGroup;
			children = (
				515E2CD91FE2AC7C0068918E /* ABTesting.app */,
				515E2CED1FE2AC7D0068918E /* ABTestingTests.xctest */,
			);
			name = Products;
			sourceTree = "<group>";
		};
		515E2CDB1FE2AC7C0068918E /* ABTesting */ = {
			isa = PBXGroup;
			children = (
				515E2CDC1FE2AC7C0068918E /* AppDelegate.swift */,
				515E2CDE1FE2AC7C0068918E /* ViewController.swift */,
				515E2CE31FE2AC7C0068918E /* Assets.xcassets */,
				515E2CE51FE2AC7C0068918E /* LaunchScreen.storyboard */,
				515E2CE81FE2AC7C0068918E /* Info.plist */,
				515E2CFC1FE2AC930068918E /* ABTesting.swift */,
			);
			path = ABTesting;
			sourceTree = "<group>";
		};
		515E2CF01FE2AC7D0068918E /* ABTestingTests */ = {
			isa = PBXGroup;
			children = (
				515E2CF31FE2AC7D0068918E /* Info.plist */,
				515E2D001FE2AD080068918E /* ViewControllerTests.swift */,
			);
			path = ABTestingTests;
			sourceTree = "<group>";
		};
/* End PBXGroup section */

/* Begin PBXNativeTarget section */
		515E2CD81FE2AC7C0068918E /* ABTesting */ = {
			isa = PBXNativeTarget;
			buildConfigurationList = 515E2CF61FE2AC7D0068918E /* Build configuration list for PBXNativeTarget "ABTesting" */;
			buildPhases = (
				515E2CD51FE2AC7C0068918E /* Sources */,
				515E2CD61FE2AC7C0068918E /* Frameworks */,
				515E2CD71FE2AC7C0068918E /* Resources */,
			);
			buildRules = (
			);
			dependencies = (
			);
			name = ABTesting;
			productName = ABTesting;
			productReference = 515E2CD91FE2AC7C0068918E /* ABTesting.app */;
			productType = "com.apple.product-type.application";
		};
		515E2CEC1FE2AC7D0068918E /* ABTestingTests */ = {
			isa = PBXNativeTarget;
			buildConfigurationList = 515E2CF91FE2AC7D0068918E /* Build configuration list for PBXNativeTarget "ABTestingTests" */;
			buildPhases = (
				515E2CE91FE2AC7D0068918E /* Sources */,
				515E2CEA1FE2AC7D0068918E /* Frameworks */,
				515E2CEB1FE2AC7D0068918E /* Resources */,
			);
			buildRules = (
			);
			dependencies = (
				515E2CEF1FE2AC7D0068918E /* PBXTargetDependency */,
			);
			name = ABTestingTests;
			productName = ABTestingTests;
			productReference = 515E2CED1FE2AC7D0068918E /* ABTestingTests.xctest */;
			productType = "com.apple.product-type.bundle.unit-test";
		};
/* End PBXNativeTarget section */

/* Begin PBXProject section */
		515E2CD11FE2AC7C0068918E /* Project object */ = {
			isa = PBXProject;
			attributes = {
				LastSwiftUpdateCheck = 0920;
				LastUpgradeCheck = 0920;
				ORGANIZATIONNAME = shindyu;
				TargetAttributes = {
					515E2CD81FE2AC7C0068918E = {
						CreatedOnToolsVersion = 9.2;
						ProvisioningStyle = Automatic;
					};
					515E2CEC1FE2AC7D0068918E = {
						CreatedOnToolsVersion = 9.2;
						ProvisioningStyle = Automatic;
						TestTargetID = 515E2CD81FE2AC7C0068918E;
					};
				};
			};
			buildConfigurationList = 515E2CD41FE2AC7C0068918E /* Build configuration list for PBXProject "ABTesting" */;
			compatibilityVersion = "Xcode 8.0";
			developmentRegion = en;
			hasScannedForEncodings = 0;
			knownRegions = (
				en,
				Base,
			);
			mainGroup = 515E2CD01FE2AC7C0068918E;
			productRefGroup = 515E2CDA1FE2AC7C0068918E /* Products */;
			projectDirPath = "";
			projectRoot = "";
			targets = (
				515E2CD81FE2AC7C0068918E /* ABTesting */,
				515E2CEC1FE2AC7D0068918E /* ABTestingTests */,
			);
		};
/* End PBXProject section */

/* Begin PBXResourcesBuildPhase section */
		515E2CD71FE2AC7C0068918E /* Resources */ = {
			isa = PBXResourcesBuildPhase;
			buildActionMask = 2147483647;
			files = (
				515E2CE71FE2AC7C0068918E /* LaunchScreen.storyboard in Resources */,
				515E2CE41FE2AC7C0068918E /* Assets.xcassets in Resources */,
			);
			runOnlyForDeploymentPostprocessing = 0;
		};
		515E2CEB1FE2AC7D0068918E /* Resources */ = {
			isa = PBXResourcesBuildPhase;
			buildActionMask = 2147483647;
			files = (
			);
			runOnlyForDeploymentPostprocessing = 0;
		};
/* End PBXResourcesBuildPhase section */

/* Begin PBXSourcesBuildPhase section */
		515E2CD51FE2AC7C0068918E /* Sources */ = {
			isa = PBXSourcesBuildPhase;
			buildActionMask = 2147483647;
			files = (
				515E2CDF1FE2AC7C0068918E /* ViewController.swift in Sources */,
				515E2CFD1FE2AC930068918E /* ABTesting.swift in Sources */,
				515E2CDD1FE2AC7C0068918E /* AppDelegate.swift in Sources */,
			);
			runOnlyForDeploymentPostprocessing = 0;
		};
		515E2CE91FE2AC7D0068918E /* Sources */ = {
			isa = PBXSourcesBuildPhase;
			buildActionMask = 2147483647;
			files = (
				515E2D011FE2AD080068918E /* ViewControllerTests.swift in Sources */,
			);
			runOnlyForDeploymentPostprocessing = 0;
		};
/* End PBXSourcesBuildPhase section */

/* Begin PBXTargetDependency section */
		515E2CEF1FE2AC7D0068918E /* PBXTargetDependency */ = {
			isa = PBXTargetDependency;
			target = 515E2CD81FE2AC7C0068918E /* ABTesting */;
			targetProxy = 515E2CEE1FE2AC7D0068918E /* PBXContainerItemProxy */;
		};
/* End PBXTargetDependency section */

/* Begin PBXVariantGroup section */
		515E2CE51FE2AC7C0068918E /* LaunchScreen.storyboard */ = {
			isa = PBXVariantGroup;
			children = (
				515E2CE61FE2AC7C0068918E /* Base */,
			);
			name = LaunchScreen.storyboard;
			sourceTree = "<group>";
		};
/* End PBXVariantGroup section */

/* Begin XCBuildConfiguration section */
		515E2CF41FE2AC7D0068918E /* Debug */ = {
			isa = XCBuildConfiguration;
			buildSettings = {
				ALWAYS_SEARCH_USER_PATHS = NO;
				CLANG_ANALYZER_NONNULL = YES;
				CLANG_ANALYZER_NUMBER_OBJECT_CONVERSION = YES_AGGRESSIVE;
				CLANG_CXX_LANGUAGE_STANDARD = "gnu++14";
				CLANG_CXX_LIBRARY = "libc++";
				CLANG_ENABLE_MODULES = YES;
				CLANG_ENABLE_OBJC_ARC = YES;
				CLANG_WARN_BLOCK_CAPTURE_AUTORELEASING = YES;
				CLANG_WARN_BOOL_CONVERSION = YES;
				CLANG_WARN_COMMA = YES;
				CLANG_WARN_CONSTANT_CONVERSION = YES;
				CLANG_WARN_DIRECT_OBJC_ISA_USAGE = YES_ERROR;
				CLANG_WARN_DOCUMENTATION_COMMENTS = YES;
				CLANG_WARN_EMPTY_BODY = YES;
				CLANG_WARN_ENUM_CONVERSION = YES;
				CLANG_WARN_INFINITE_RECURSION = YES;
				CLANG_WARN_INT_CONVERSION = YES;
				CLANG_WARN_NON_LITERAL_NULL_CONVERSION = YES;
				CLANG_WARN_OBJC_LITERAL_CONVERSION = YES;
				CLANG_WARN_OBJC_ROOT_CLASS = YES_ERROR;
				CLANG_WARN_RANGE_LOOP_ANALYSIS = YES;
				CLANG_WARN_STRICT_PROTOTYPES = YES;
				CLANG_WARN_SUSPICIOUS_MOVE = YES;
				CLANG_WARN_UNGUARDED_AVAILABILITY = YES_AGGRESSIVE;
				CLANG_WARN_UNREACHABLE_CODE = YES;
				CLANG_WARN__DUPLICATE_METHOD_MATCH = YES;
				CODE_SIGN_IDENTITY = "iPhone Developer";
				COPY_PHASE_STRIP = NO;
				DEBUG_INFORMATION_FORMAT = dwarf;
				ENABLE_STRICT_OBJC_MSGSEND = YES;
				ENABLE_TESTABILITY = YES;
				GCC_C_LANGUAGE_STANDARD = gnu11;
				GCC_DYNAMIC_NO_PIC = NO;
				GCC_NO_COMMON_BLOCKS = YES;
				GCC_OPTIMIZATION_LEVEL = 0;
				GCC_PREPROCESSOR_DEFINITIONS = (
					"DEBUG=1",
					"$(inherited)",
				);
				GCC_WARN_64_TO_32_BIT_CONVERSION = YES;
				GCC_WARN_ABOUT_RETURN_TYPE = YES_ERROR;
				GCC_WARN_UNDECLARED_SELECTOR = YES;
				GCC_WARN_UNINITIALIZED_AUTOS = YES_AGGRESSIVE;
				GCC_WARN_UNUSED_FUNCTION = YES;
				GCC_WARN_UNUSED_VARIABLE = YES;
				IPHONEOS_DEPLOYMENT_TARGET = 11.2;
				MTL_ENABLE_DEBUG_INFO = YES;
				ONLY_ACTIVE_ARCH = YES;
				SDKROOT = iphoneos;
				SWIFT_ACTIVE_COMPILATION_CONDITIONS = DEBUG;
				SWIFT_OPTIMIZATION_LEVEL = "-Onone";
			};
			name = Debug;
		};
		515E2CF51FE2AC7D0068918E /* Release */ = {
			isa = XCBuildConfiguration;
			buildSettings = {
				ALWAYS_SEARCH_USER_PATHS = NO;
				CLANG_ANALYZER_NONNULL = YES;
				CLANG_ANALYZER_NUMBER_OBJECT_CONVERSION = YES_AGGRESSIVE;
				CLANG_CXX_LANGUAGE_STANDARD = "gnu++14";
				CLANG_CXX_LIBRARY = "libc++";
				CLANG_ENABLE_MODULES = YES;
				CLANG_ENABLE_OBJC_ARC = YES;
				CLANG_WARN_BLOCK_CAPTURE_AUTORELEASING = YES;
				CLANG_WARN_BOOL_CONVERSION = YES;
				CLANG_WARN_COMMA = YES;
				CLANG_WARN_CONSTANT_CONVERSION = YES;
				CLANG_WARN_DIRECT_OBJC_ISA_USAGE = YES_ERROR;
				CLANG_WARN_DOCUMENTATION_COMMENTS = YES;
				CLANG_WARN_EMPTY_BODY = YES;
				CLANG_WARN_ENUM_CONVERSION = YES;
				CLANG_WARN_INFINITE_RECURSION = YES;
				CLANG_WARN_INT_CONVERSION = YES;
				CLANG_WARN_NON_LITERAL_NULL_CONVERSION = YES;
				CLANG_WARN_OBJC_LITERAL_CONVERSION = YES;
				CLANG_WARN_OBJC_ROOT_CLASS = YES_ERROR;
				CLANG_WARN_RANGE_LOOP_ANALYSIS = YES;
				CLANG_WARN_STRICT_PROTOTYPES = YES;
				CLANG_WARN_SUSPICIOUS_MOVE = YES;
				CLANG_WARN_UNGUARDED_AVAILABILITY = YES_AGGRESSIVE;
				CLANG_WARN_UNREACHABLE_CODE = YES;
				CLANG_WARN__DUPLICATE_METHOD_MATCH = YES;
				CODE_SIGN_IDENTITY = "iPhone Developer";
				COPY_PHASE_STRIP = NO;
				DEBUG_INFORMATION_FORMAT = "dwarf-with-dsym";
				ENABLE_NS_ASSERTIONS = NO;
				ENABLE_STRICT_OBJC_MSGSEND = YES;
				GCC_C_LANGUAGE_STANDARD = gnu11;
				GCC_NO_COMMON_BLOCKS = YES;
				GCC_WARN_64_TO_32_BIT_CONVERSION = YES;
				GCC_WARN_ABOUT_RETURN_TYPE = YES_ERROR;
				GCC_WARN_UNDECLARED_SELECTOR = YES;
				GCC_WARN_UNINITIALIZED_AUTOS = YES_AGGRESSIVE;
				GCC_WARN_UNUSED_FUNCTION = YES;
				GCC_WARN_UNUSED_VARIABLE = YES;
				IPHONEOS_DEPLOYMENT_TARGET = 11.2;
				MTL_ENABLE_DEBUG_INFO = NO;
				SDKROOT = iphoneos;
				SWIFT_OPTIMIZATION_LEVEL = "-Owholemodule";
				VALIDATE_PRODUCT = YES;
			};
			name = Release;
		};
		515E2CF71FE2AC7D0068918E /* Debug */ = {
			isa = XCBuildConfiguration;
			buildSettings = {
				ASSETCATALOG_COMPILER_APPICON_NAME = AppIcon;
				CODE_SIGN_STYLE = Automatic;
				DEVELOPMENT_TEAM = 653H53HHBU;
				INFOPLIST_FILE = ABTesting/Info.plist;
				LD_RUNPATH_SEARCH_PATHS = "$(inherited) @executable_path/Frameworks";
				PRODUCT_BUNDLE_IDENTIFIER = com.shindyu.ABTesting;
				PRODUCT_NAME = "$(TARGET_NAME)";
				SWIFT_VERSION = 4.0;
				TARGETED_DEVICE_FAMILY = "1,2";
			};
			name = Debug;
		};
		515E2CF81FE2AC7D0068918E /* Release */ = {
			isa = XCBuildConfiguration;
			buildSettings = {
				ASSETCATALOG_COMPILER_APPICON_NAME = AppIcon;
				CODE_SIGN_STYLE = Automatic;
				DEVELOPMENT_TEAM = 653H53HHBU;
				INFOPLIST_FILE = ABTesting/Info.plist;
				LD_RUNPATH_SEARCH_PATHS = "$(inherited) @executable_path/Frameworks";
				PRODUCT_BUNDLE_IDENTIFIER = com.shindyu.ABTesting;
				PRODUCT_NAME = "$(TARGET_NAME)";
				SWIFT_VERSION = 4.0;
				TARGETED_DEVICE_FAMILY = "1,2";
			};
			name = Release;
		};
		515E2CFA1FE2AC7D0068918E /* Debug */ = {
			isa = XCBuildConfiguration;
			buildSettings = {
				ALWAYS_EMBED_SWIFT_STANDARD_LIBRARIES = YES;
				BUNDLE_LOADER = "$(TEST_HOST)";
				CODE_SIGN_STYLE = Automatic;
				DEVELOPMENT_TEAM = 653H53HHBU;
				INFOPLIST_FILE = ABTestingTests/Info.plist;
				LD_RUNPATH_SEARCH_PATHS = "$(inherited) @executable_path/Frameworks @loader_path/Frameworks";
				PRODUCT_BUNDLE_IDENTIFIER = com.shindyu.ABTestingTests;
				PRODUCT_NAME = "$(TARGET_NAME)";
				SWIFT_VERSION = 4.0;
				TARGETED_DEVICE_FAMILY = "1,2";
				TEST_HOST = "$(BUILT_PRODUCTS_DIR)/ABTesting.app/ABTesting";
			};
			name = Debug;
		};
		515E2CFB1FE2AC7D0068918E /* Release */ = {
			isa = XCBuildConfiguration;
			buildSettings = {
				ALWAYS_EMBED_SWIFT_STANDARD_LIBRARIES = YES;
				BUNDLE_LOADER = "$(TEST_HOST)";
				CODE_SIGN_STYLE = Automatic;
				DEVELOPMENT_TEAM = 653H53HHBU;
				INFOPLIST_FILE = ABTestingTests/Info.plist;
				LD_RUNPATH_SEARCH_PATHS = "$(inherited) @executable_path/Frameworks @loader_path/Frameworks";
				PRODUCT_BUNDLE_IDENTIFIER = com.shindyu.ABTestingTests;
				PRODUCT_NAME = "$(TARGET_NAME)";
				SWIFT_VERSION = 4.0;
				TARGETED_DEVICE_FAMILY = "1,2";
				TEST_HOST = "$(BUILT_PRODUCTS_DIR)/ABTesting.app/ABTesting";
			};
			name = Release;
		};
/* End XCBuildConfiguration section */

/* Begin XCConfigurationList section */
		515E2CD41FE2AC7C0068918E /* Build configuration list for PBXProject "ABTesting" */ = {
			isa = XCConfigurationList;
			buildConfigurations = (
				515E2CF41FE2AC7D0068918E /* Debug */,
				515E2CF51FE2AC7D0068918E /* Release */,
			);
			defaultConfigurationIsVisible = 0;
			defaultConfigurationName = Release;
		};
		515E2CF61FE2AC7D0068918E /* Build configuration list for PBXNativeTarget "ABTesting" */ = {
			isa = XCConfigurationList;
			buildConfigurations = (
				515E2CF71FE2AC7D0068918E /* Debug */,
				515E2CF81FE2AC7D0068918E /* Release */,
			);
			defaultConfigurationIsVisible = 0;
			defaultConfigurationName = Release;
		};
		515E2CF91FE2AC7D0068918E /* Build configuration list for PBXNativeTarget "ABTestingTests" */ = {
			isa = XCConfigurationList;
			buildConfigurations = (
				515E2CFA1FE2AC7D0068918E /* Debug */,
				515E2CFB1FE2AC7D0068918E /* Release */,
			);
			defaultConfigurationIsVisible = 0;
			defaultConfigurationName = Release;
		};
/* End XCConfigurationList section */
	};
	rootObject = 515E2CD11FE2AC7C0068918E /* Project object */;
}
